
Microsoft Visual Studio Solution File, Format Version 12.00
# Visual Studio Version 17
VisualStudioVersion = 17.9.34607.119
MinimumVisualStudioVersion = 10.0.40219.1
Project("{888888A0-9F3D-457C-B088-3A5042F75D52}") = "CaloriesAdvisor", "CaloriesAdvisor\CaloriesAdvisor.pyproj", "{F7CE0CA8-F6C1-433C-85F8-9731EABB7EC1}"
EndProject
Global
	GlobalSection(SolutionConfigurationPlatforms) = preSolution
		Debug|Any CPU = Debug|Any CPU
		Release|Any CPU = Release|Any CPU
	EndGlobalSection
	GlobalSection(ProjectConfigurationPlatforms) = postSolution
		{F7CE0CA8-F6C1-433C-85F8-9731EABB7EC1}.Debug|Any CPU.ActiveCfg = Debug|Any CPU
		{F7CE0CA8-F6C1-433C-85F8-9731EABB7EC1}.Release|Any CPU.ActiveCfg = Release|Any CPU
	EndGlobalSection
	GlobalSection(SolutionProperties) = preSolution
		HideSolutionNode = FALSE
	EndGlobalSection
	GlobalSection(ExtensibilityGlobals) = postSolution
		SolutionGuid = {A50FB154-767A-4912-AB03-C867603E71A7}
	EndGlobalSection
EndGlobal
